
Microsoft Visual Studio Solution File, Format Version 12.00
# Visual Studio 15
VisualStudioVersion = 15.0.27703.2035
MinimumVisualStudioVersion = 10.0.40219.1
Project("{FAE04EC0-301F-11D3-BF4B-00C04F79EFBC}") = "AppJWTAsync.Android", "AppJWTAsync\AppJWTAsync.Android\AppJWTAsync.Android.csproj", "{9C992623-2780-4742-A0A4-07B5E1DF1006}"
EndProject
Project("{FAE04EC0-301F-11D3-BF4B-00C04F79EFBC}") = "AppJWTAsync.iOS", "AppJWTAsync\AppJWTAsync.iOS\AppJWTAsync.iOS.csproj", "{30606BCA-D1BF-40AF-85BA-B2DC43F13199}"
EndProject
Project("{FAE04EC0-301F-11D3-BF4B-00C04F79EFBC}") = "AppJWTAsync.UWP", "AppJWTAsync\AppJWTAsync.UWP\AppJWTAsync.UWP.csproj", "{7372CDB1-2F7B-4282-AC52-489732650CB5}"
EndProject
Project("{FAE04EC0-301F-11D3-BF4B-00C04F79EFBC}") = "AppJWTAsync", "AppJWTAsync\AppJWTAsync\AppJWTAsync.csproj", "{460F691F-42F5-4E7E-8A39-3958350F688B}"
EndProject
Global
	GlobalSection(SolutionConfigurationPlatforms) = preSolution
		Ad-Hoc|Any CPU = Ad-Hoc|Any CPU
		Ad-Hoc|ARM = Ad-Hoc|ARM
		Ad-Hoc|iPhone = Ad-Hoc|iPhone
		Ad-Hoc|iPhoneSimulator = Ad-Hoc|iPhoneSimulator
		Ad-Hoc|x64 = Ad-Hoc|x64
		Ad-Hoc|x86 = Ad-Hoc|x86
		AppStore|Any CPU = AppStore|Any CPU
		AppStore|ARM = AppStore|ARM
		AppStore|iPhone = AppStore|iPhone
		AppStore|iPhoneSimulator = AppStore|iPhoneSimulator
		AppStore|x64 = AppStore|x64
		AppStore|x86 = AppStore|x86
		Debug|Any CPU = Debug|Any CPU
		Debug|ARM = Debug|ARM
		Debug|iPhone = Debug|iPhone
		Debug|iPhoneSimulator = Debug|iPhoneSimulator
		Debug|x64 = Debug|x64
		Debug|x86 = Debug|x86
		Release|Any CPU = Release|Any CPU
		Release|ARM = Release|ARM
		Release|iPhone = Release|iPhone
		Release|iPhoneSimulator = Release|iPhoneSimulator
		Release|x64 = Release|x64
		Release|x86 = Release|x86
	EndGlobalSection
	GlobalSection(ProjectConfigurationPlatforms) = postSolution
		{9C992623-2780-4742-A0A4-07B5E1DF1006}.Ad-Hoc|Any CPU.ActiveCfg = Release|Any CPU
		{9C992623-2780-4742-A0A4-07B5E1DF1006}.Ad-Hoc|Any CPU.Build.0 = Release|Any CPU
		{9C992623-2780-4742-A0A4-07B5E1DF1006}.Ad-Hoc|Any CPU.Deploy.0 = Release|Any CPU
		{9C992623-2780-4742-A0A4-07B5E1DF1006}.Ad-Hoc|ARM.ActiveCfg = Release|Any CPU
		{9C992623-2780-4742-A0A4-07B5E1DF1006}.Ad-Hoc|ARM.Build.0 = Release|Any CPU
		{9C992623-2780-4742-A0A4-07B5E1DF1006}.Ad-Hoc|ARM.Deploy.0 = Release|Any CPU
		{9C992623-2780-4742-A0A4-07B5E1DF1006}.Ad-Hoc|iPhone.ActiveCfg = Release|Any CPU
		{9C992623-2780-4742-A0A4-07B5E1DF1006}.Ad-Hoc|iPhone.Build.0 = Release|Any CPU
		{9C992623-2780-4742-A0A4-07B5E1DF1006}.Ad-Hoc|iPhone.Deploy.0 = Release|Any CPU
		{9C992623-2780-4742-A0A4-07B5E1DF1006}.Ad-Hoc|iPhoneSimulator.ActiveCfg = Release|Any CPU
		{9C992623-2780-4742-A0A4-07B5E1DF1006}.Ad-Hoc|iPhoneSimulator.Build.0 = Release|Any CPU
		{9C992623-2780-4742-A0A4-07B5E1DF1006}.Ad-Hoc|iPhoneSimulator.Deploy.0 = Release|Any CPU
		{9C992623-2780-4742-A0A4-07B5E1DF1006}.Ad-Hoc|x64.ActiveCfg = Release|Any CPU
		{9C992623-2780-4742-A0A4-07B5E1DF1006}.Ad-Hoc|x64.Build.0 = Release|Any CPU
		{9C992623-2780-4742-A0A4-07B5E1DF1006}.Ad-Hoc|x64.Deploy.0 = Release|Any CPU
		{9C992623-2780-4742-A0A4-07B5E1DF1006}.Ad-Hoc|x86.ActiveCfg = Release|Any CPU
		{9C992623-2780-4742-A0A4-07B5E1DF1006}.Ad-Hoc|x86.Build.0 = Release|Any CPU
		{9C992623-2780-4742-A0A4-07B5E1DF1006}.Ad-Hoc|x86.Deploy.0 = Release|Any CPU
		{9C992623-2780-4742-A0A4-07B5E1DF1006}.AppStore|Any CPU.ActiveCfg = Release|Any CPU
		{9C992623-2780-4742-A0A4-07B5E1DF1006}.AppStore|Any CPU.Build.0 = Release|Any CPU
		{9C992623-2780-4742-A0A4-07B5E1DF1006}.AppStore|Any CPU.Deploy.0 = Release|Any CPU
		{9C992623-2780-4742-A0A4-07B5E1DF1006}.AppStore|ARM.ActiveCfg = Release|Any CPU
		{9C992623-2780-4742-A0A4-07B5E1DF1006}.AppStore|ARM.Build.0 = Release|Any CPU
		{9C992623-2780-4742-A0A4-07B5E1DF1006}.AppStore|ARM.Deploy.0 = Release|Any CPU
		{9C992623-2780-4742-A0A4-07B5E1DF1006}.AppStore|iPhone.ActiveCfg = Release|Any CPU
		{9C992623-2780-4742-A0A4-07B5E1DF1006}.AppStore|iPhone.Build.0 = Release|Any CPU
		{9C992623-2780-4742-A0A4-07B5E1DF1006}.AppStore|iPhone.Deploy.0 = Release|Any CPU
		{9C992623-2780-4742-A0A4-07B5E1DF1006}.AppStore|iPhoneSimulator.ActiveCfg = Release|Any CPU
		{9C992623-2780-4742-A0A4-07B5E1DF1006}.AppStore|iPhoneSimulator.Build.0 = Release|Any CPU
		{9C992623-2780-4742-A0A4-07B5E1DF1006}.AppStore|iPhoneSimulator.Deploy.0 = Release|Any CPU
		{9C992623-2780-4742-A0A4-07B5E1DF1006}.AppStore|x64.ActiveCfg = Release|Any CPU
		{9C992623-2780-4742-A0A4-07B5E1DF1006}.AppStore|x64.Build.0 = Release|Any CPU
		{9C992623-2780-4742-A0A4-07B5E1DF1006}.AppStore|x64.Deploy.0 = Release|Any CPU
		{9C992623-2780-4742-A0A4-07B5E1DF1006}.AppStore|x86.ActiveCfg = Release|Any CPU
		{9C992623-2780-4742-A0A4-07B5E1DF1006}.AppStore|x86.Build.0 = Release|Any CPU
		{9C992623-2780-4742-A0A4-07B5E1DF1006}.AppStore|x86.Deploy.0 = Release|Any CPU
		{9C992623-2780-4742-A0A4-07B5E1DF1006}.Debug|Any CPU.ActiveCfg = Debug|Any CPU
		{9C992623-2780-4742-A0A4-07B5E1DF1006}.Debug|Any CPU.Build.0 = Debug|Any CPU
		{9C992623-2780-4742-A0A4-07B5E1DF1006}.Debug|Any CPU.Deploy.0 = Debug|Any CPU
		{9C992623-2780-4742-A0A4-07B5E1DF1006}.Debug|ARM.ActiveCfg = Debug|Any CPU
		{9C992623-2780-4742-A0A4-07B5E1DF1006}.Debug|ARM.Build.0 = Debug|Any CPU
		{9C992623-2780-4742-A0A4-07B5E1DF1006}.Debug|ARM.Deploy.0 = Debug|Any CPU
		{9C992623-2780-4742-A0A4-07B5E1DF1006}.Debug|iPhone.ActiveCfg = Debug|Any CPU
		{9C992623-2780-4742-A0A4-07B5E1DF1006}.Debug|iPhone.Build.0 = Debug|Any CPU
		{9C992623-2780-4742-A0A4-07B5E1DF1006}.Debug|iPhone.Deploy.0 = Debug|Any CPU
		{9C992623-2780-4742-A0A4-07B5E1DF1006}.Debug|iPhoneSimulator.ActiveCfg = Debug|Any CPU
		{9C992623-2780-4742-A0A4-07B5E1DF1006}.Debug|iPhoneSimulator.Build.0 = Debug|Any CPU
		{9C992623-2780-4742-A0A4-07B5E1DF1006}.Debug|iPhoneSimulator.Deploy.0 = Debug|Any CPU
		{9C992623-2780-4742-A0A4-07B5E1DF1006}.Debug|x64.ActiveCfg = Debug|Any CPU
		{9C992623-2780-4742-A0A4-07B5E1DF1006}.Debug|x64.Build.0 = Debug|Any CPU
		{9C992623-2780-4742-A0A4-07B5E1DF1006}.Debug|x64.Deploy.0 = Debug|Any CPU
		{9C992623-2780-4742-A0A4-07B5E1DF1006}.Debug|x86.ActiveCfg = Debug|Any CPU
		{9C992623-2780-4742-A0A4-07B5E1DF1006}.Debug|x86.Build.0 = Debug|Any CPU
		{9C992623-2780-4742-A0A4-07B5E1DF1006}.Debug|x86.Deploy.0 = Debug|Any CPU
		{9C992623-2780-4742-A0A4-07B5E1DF1006}.Release|Any CPU.ActiveCfg = Release|Any CPU
		{9C992623-2780-4742-A0A4-07B5E1DF1006}.Release|Any CPU.Build.0 = Release|Any CPU
		{9C992623-2780-4742-A0A4-07B5E1DF1006}.Release|Any CPU.Deploy.0 = Release|Any CPU
		{9C992623-2780-4742-A0A4-07B5E1DF1006}.Release|ARM.ActiveCfg = Release|Any CPU
		{9C992623-2780-4742-A0A4-07B5E1DF1006}.Release|ARM.Build.0 = Release|Any CPU
		{9C992623-2780-4742-A0A4-07B5E1DF1006}.Release|ARM.Deploy.0 = Release|Any CPU
		{9C992623-2780-4742-A0A4-07B5E1DF1006}.Release|iPhone.ActiveCfg = Release|Any CPU
		{9C992623-2780-4742-A0A4-07B5E1DF1006}.Release|iPhone.Build.0 = Release|Any CPU
		{9C992623-2780-4742-A0A4-07B5E1DF1006}.Release|iPhone.Deploy.0 = Release|Any CPU
		{9C992623-2780-4742-A0A4-07B5E1DF1006}.Release|iPhoneSimulator.ActiveCfg = Release|Any CPU
		{9C992623-2780-4742-A0A4-07B5E1DF1006}.Release|iPhoneSimulator.Build.0 = Release|Any CPU
		{9C992623-2780-4742-A0A4-07B5E1DF1006}.Release|iPhoneSimulator.Deploy.0 = Release|Any CPU
		{9C992623-2780-4742-A0A4-07B5E1DF1006}.Release|x64.ActiveCfg = Release|Any CPU
		{9C992623-2780-4742-A0A4-07B5E1DF1006}.Release|x64.Build.0 = Release|Any CPU
		{9C992623-2780-4742-A0A4-07B5E1DF1006}.Release|x64.Deploy.0 = Release|Any CPU
		{9C992623-2780-4742-A0A4-07B5E1DF1006}.Release|x86.ActiveCfg = Release|Any CPU
		{9C992623-2780-4742-A0A4-07B5E1DF1006}.Release|x86.Build.0 = Release|Any CPU
		{9C992623-2780-4742-A0A4-07B5E1DF1006}.Release|x86.Deploy.0 = Release|Any CPU
		{30606BCA-D1BF-40AF-85BA-B2DC43F13199}.Ad-Hoc|Any CPU.ActiveCfg = Ad-Hoc|iPhone
		{30606BCA-D1BF-40AF-85BA-B2DC43F13199}.Ad-Hoc|Any CPU.Build.0 = Ad-Hoc|iPhone
		{30606BCA-D1BF-40AF-85BA-B2DC43F13199}.Ad-Hoc|Any CPU.Deploy.0 = Ad-Hoc|iPhone
		{30606BCA-D1BF-40AF-85BA-B2DC43F13199}.Ad-Hoc|ARM.ActiveCfg = Ad-Hoc|iPhone
		{30606BCA-D1BF-40AF-85BA-B2DC43F13199}.Ad-Hoc|ARM.Build.0 = Ad-Hoc|iPhone
		{30606BCA-D1BF-40AF-85BA-B2DC43F13199}.Ad-Hoc|ARM.Deploy.0 = Ad-Hoc|iPhone
		{30606BCA-D1BF-40AF-85BA-B2DC43F13199}.Ad-Hoc|iPhone.ActiveCfg = Ad-Hoc|iPhone
		{30606BCA-D1BF-40AF-85BA-B2DC43F13199}.Ad-Hoc|iPhone.Build.0 = Ad-Hoc|iPhone
		{30606BCA-D1BF-40AF-85BA-B2DC43F13199}.Ad-Hoc|iPhone.Deploy.0 = Ad-Hoc|iPhone
		{30606BCA-D1BF-40AF-85BA-B2DC43F13199}.Ad-Hoc|iPhoneSimulator.ActiveCfg = Ad-Hoc|iPhoneSimulator
		{30606BCA-D1BF-40AF-85BA-B2DC43F13199}.Ad-Hoc|iPhoneSimulator.Build.0 = Ad-Hoc|iPhoneSimulator
		{30606BCA-D1BF-40AF-85BA-B2DC43F13199}.Ad-Hoc|iPhoneSimulator.Deploy.0 = Ad-Hoc|iPhoneSimulator
		{30606BCA-D1BF-40AF-85BA-B2DC43F13199}.Ad-Hoc|x64.ActiveCfg = Ad-Hoc|iPhone
		{30606BCA-D1BF-40AF-85BA-B2DC43F13199}.Ad-Hoc|x64.Build.0 = Ad-Hoc|iPhone
		{30606BCA-D1BF-40AF-85BA-B2DC43F13199}.Ad-Hoc|x64.Deploy.0 = Ad-Hoc|iPhone
		{30606BCA-D1BF-40AF-85BA-B2DC43F13199}.Ad-Hoc|x86.ActiveCfg = Ad-Hoc|iPhone
		{30606BCA-D1BF-40AF-85BA-B2DC43F13199}.Ad-Hoc|x86.Build.0 = Ad-Hoc|iPhone
		{30606BCA-D1BF-40AF-85BA-B2DC43F13199}.Ad-Hoc|x86.Deploy.0 = Ad-Hoc|iPhone
		{30606BCA-D1BF-40AF-85BA-B2DC43F13199}.AppStore|Any CPU.ActiveCfg = AppStore|iPhone
		{30606BCA-D1BF-40AF-85BA-B2DC43F13199}.AppStore|Any CPU.Build.0 = AppStore|iPhone
		{30606BCA-D1BF-40AF-85BA-B2DC43F13199}.AppStore|Any CPU.Deploy.0 = AppStore|iPhone
		{30606BCA-D1BF-40AF-85BA-B2DC43F13199}.AppStore|ARM.ActiveCfg = AppStore|iPhone
		{30606BCA-D1BF-40AF-85BA-B2DC43F13199}.AppStore|ARM.Build.0 = AppStore|iPhone
		{30606BCA-D1BF-40AF-85BA-B2DC43F13199}.AppStore|ARM.Deploy.0 = AppStore|iPhone
		{30606BCA-D1BF-40AF-85BA-B2DC43F13199}.AppStore|iPhone.ActiveCfg = AppStore|iPhone
		{30606BCA-D1BF-40AF-85BA-B2DC43F13199}.AppStore|iPhone.Build.0 = AppStore|iPhone
		{30606BCA-D1BF-40AF-85BA-B2DC43F13199}.AppStore|iPhone.Deploy.0 = AppStore|iPhone
		{30606BCA-D1BF-40AF-85BA-B2DC43F13199}.AppStore|iPhoneSimulator.ActiveCfg = AppStore|iPhoneSimulator
		{30606BCA-D1BF-40AF-85BA-B2DC43F13199}.AppStore|iPhoneSimulator.Build.0 = AppStore|iPhoneSimulator
		{30606BCA-D1BF-40AF-85BA-B2DC43F13199}.AppStore|iPhoneSimulator.Deploy.0 = AppStore|iPhoneSimulator
		{30606BCA-D1BF-40AF-85BA-B2DC43F13199}.AppStore|x64.ActiveCfg = AppStore|iPhone
		{30606BCA-D1BF-40AF-85BA-B2DC43F13199}.AppStore|x64.Build.0 = AppStore|iPhone
		{30606BCA-D1BF-40AF-85BA-B2DC43F13199}.AppStore|x64.Deploy.0 = AppStore|iPhone
		{30606BCA-D1BF-40AF-85BA-B2DC43F13199}.AppStore|x86.ActiveCfg = AppStore|iPhone
		{30606BCA-D1BF-40AF-85BA-B2DC43F13199}.AppStore|x86.Build.0 = AppStore|iPhone
		{30606BCA-D1BF-40AF-85BA-B2DC43F13199}.AppStore|x86.Deploy.0 = AppStore|iPhone
		{30606BCA-D1BF-40AF-85BA-B2DC43F13199}.Debug|Any CPU.ActiveCfg = Debug|iPhoneSimulator
		{30606BCA-D1BF-40AF-85BA-B2DC43F13199}.Debug|Any CPU.Build.0 = Debug|iPhoneSimulator
		{30606BCA-D1BF-40AF-85BA-B2DC43F13199}.Debug|Any CPU.Deploy.0 = Debug|iPhoneSimulator
		{30606BCA-D1BF-40AF-85BA-B2DC43F13199}.Debug|ARM.ActiveCfg = Debug|iPhone
		{30606BCA-D1BF-40AF-85BA-B2DC43F13199}.Debug|ARM.Build.0 = Debug|iPhone
		{30606BCA-D1BF-40AF-85BA-B2DC43F13199}.Debug|ARM.Deploy.0 = Debug|iPhone
		{30606BCA-D1BF-40AF-85BA-B2DC43F13199}.Debug|iPhone.ActiveCfg = Debug|iPhone
		{30606BCA-D1BF-40AF-85BA-B2DC43F13199}.Debug|iPhone.Build.0 = Debug|iPhone
		{30606BCA-D1BF-40AF-85BA-B2DC43F13199}.Debug|iPhone.Deploy.0 = Debug|iPhone
		{30606BCA-D1BF-40AF-85BA-B2DC43F13199}.Debug|iPhoneSimulator.ActiveCfg = Debug|iPhoneSimulator
		{30606BCA-D1BF-40AF-85BA-B2DC43F13199}.Debug|iPhoneSimulator.Build.0 = Debug|iPhoneSimulator
		{30606BCA-D1BF-40AF-85BA-B2DC43F13199}.Debug|iPhoneSimulator.Deploy.0 = Debug|iPhoneSimulator
		{30606BCA-D1BF-40AF-85BA-B2DC43F13199}.Debug|x64.ActiveCfg = Debug|iPhone
		{30606BCA-D1BF-40AF-85BA-B2DC43F13199}.Debug|x64.Build.0 = Debug|iPhone
		{30606BCA-D1BF-40AF-85BA-B2DC43F13199}.Debug|x64.Deploy.0 = Debug|iPhone
		{30606BCA-D1BF-40AF-85BA-B2DC43F13199}.Debug|x86.ActiveCfg = Debug|iPhone
		{30606BCA-D1BF-40AF-85BA-B2DC43F13199}.Debug|x86.Build.0 = Debug|iPhone
		{30606BCA-D1BF-40AF-85BA-B2DC43F13199}.Debug|x86.Deploy.0 = Debug|iPhone
		{30606BCA-D1BF-40AF-85BA-B2DC43F13199}.Release|Any CPU.ActiveCfg = Release|iPhone
		{30606BCA-D1BF-40AF-85BA-B2DC43F13199}.Release|Any CPU.Build.0 = Release|iPhone
		{30606BCA-D1BF-40AF-85BA-B2DC43F13199}.Release|Any CPU.Deploy.0 = Release|iPhone
		{30606BCA-D1BF-40AF-85BA-B2DC43F13199}.Release|ARM.ActiveCfg = Release|iPhone
		{30606BCA-D1BF-40AF-85BA-B2DC43F13199}.Release|ARM.Build.0 = Release|iPhone
		{30606BCA-D1BF-40AF-85BA-B2DC43F13199}.Release|ARM.Deploy.0 = Release|iPhone
		{30606BCA-D1BF-40AF-85BA-B2DC43F13199}.Release|iPhone.ActiveCfg = Release|iPhone
		{30606BCA-D1BF-40AF-85BA-B2DC43F13199}.Release|iPhone.Build.0 = Release|iPhone
		{30606BCA-D1BF-40AF-85BA-B2DC43F13199}.Release|iPhone.Deploy.0 = Release|iPhone
		{30606BCA-D1BF-40AF-85BA-B2DC43F13199}.Release|iPhoneSimulator.ActiveCfg = Release|iPhoneSimulator
		{30606BCA-D1BF-40AF-85BA-B2DC43F13199}.Release|iPhoneSimulator.Build.0 = Release|iPhoneSimulator
		{30606BCA-D1BF-40AF-85BA-B2DC43F13199}.Release|iPhoneSimulator.Deploy.0 = Release|iPhoneSimulator
		{30606BCA-D1BF-40AF-85BA-B2DC43F13199}.Release|x64.ActiveCfg = Release|iPhone
		{30606BCA-D1BF-40AF-85BA-B2DC43F13199}.Release|x64.Build.0 = Release|iPhone
		{30606BCA-D1BF-40AF-85BA-B2DC43F13199}.Release|x64.Deploy.0 = Release|iPhone
		{30606BCA-D1BF-40AF-85BA-B2DC43F13199}.Release|x86.ActiveCfg = Release|iPhone
		{30606BCA-D1BF-40AF-85BA-B2DC43F13199}.Release|x86.Build.0 = Release|iPhone
		{30606BCA-D1BF-40AF-85BA-B2DC43F13199}.Release|x86.Deploy.0 = Release|iPhone
		{7372CDB1-2F7B-4282-AC52-489732650CB5}.Ad-Hoc|Any CPU.ActiveCfg = Release|x86
		{7372CDB1-2F7B-4282-AC52-489732650CB5}.Ad-Hoc|Any CPU.Build.0 = Release|x86
		{7372CDB1-2F7B-4282-AC52-489732650CB5}.Ad-Hoc|Any CPU.Deploy.0 = Release|x86
		{7372CDB1-2F7B-4282-AC52-489732650CB5}.Ad-Hoc|ARM.ActiveCfg = Release|ARM
		{7372CDB1-2F7B-4282-AC52-489732650CB5}.Ad-Hoc|ARM.Build.0 = Release|ARM
		{7372CDB1-2F7B-4282-AC52-489732650CB5}.Ad-Hoc|ARM.Deploy.0 = Release|ARM
		{7372CDB1-2F7B-4282-AC52-489732650CB5}.Ad-Hoc|iPhone.ActiveCfg = Release|x86
		{7372CDB1-2F7B-4282-AC52-489732650CB5}.Ad-Hoc|iPhone.Build.0 = Release|x86
		{7372CDB1-2F7B-4282-AC52-489732650CB5}.Ad-Hoc|iPhone.Deploy.0 = Release|x86
		{7372CDB1-2F7B-4282-AC52-489732650CB5}.Ad-Hoc|iPhoneSimulator.ActiveCfg = Release|x86
		{7372CDB1-2F7B-4282-AC52-489732650CB5}.Ad-Hoc|iPhoneSimulator.Build.0 = Release|x86
		{7372CDB1-2F7B-4282-AC52-489732650CB5}.Ad-Hoc|iPhoneSimulator.Deploy.0 = Release|x86
		{7372CDB1-2F7B-4282-AC52-489732650CB5}.Ad-Hoc|x64.ActiveCfg = Release|x64
		{7372CDB1-2F7B-4282-AC52-489732650CB5}.Ad-Hoc|x64.Build.0 = Release|x64
		{7372CDB1-2F7B-4282-AC52-489732650CB5}.Ad-Hoc|x64.Deploy.0 = Release|x64
		{7372CDB1-2F7B-4282-AC52-489732650CB5}.Ad-Hoc|x86.ActiveCfg = Release|x86
		{7372CDB1-2F7B-4282-AC52-489732650CB5}.Ad-Hoc|x86.Build.0 = Release|x86
		{7372CDB1-2F7B-4282-AC52-489732650CB5}.Ad-Hoc|x86.Deploy.0 = Release|x86
		{7372CDB1-2F7B-4282-AC52-489732650CB5}.AppStore|Any CPU.ActiveCfg = Release|x86
		{7372CDB1-2F7B-4282-AC52-489732650CB5}.AppStore|Any CPU.Build.0 = Release|x86
		{7372CDB1-2F7B-4282-AC52-489732650CB5}.AppStore|Any CPU.Deploy.0 = Release|x86
		{7372CDB1-2F7B-4282-AC52-489732650CB5}.AppStore|ARM.ActiveCfg = Release|ARM
		{7372CDB1-2F7B-4282-AC52-489732650CB5}.AppStore|ARM.Build.0 = Release|ARM
		{7372CDB1-2F7B-4282-AC52-489732650CB5}.AppStore|ARM.Deploy.0 = Release|ARM
		{7372CDB1-2F7B-4282-AC52-489732650CB5}.AppStore|iPhone.ActiveCfg = Release|x86
		{7372CDB1-2F7B-4282-AC52-489732650CB5}.AppStore|iPhone.Build.0 = Release|x86
		{7372CDB1-2F7B-4282-AC52-489732650CB5}.AppStore|iPhone.Deploy.0 = Release|x86
		{7372CDB1-2F7B-4282-AC52-489732650CB5}.AppStore|iPhoneSimulator.ActiveCfg = Release|x86
		{7372CDB1-2F7B-4282-AC52-489732650CB5}.AppStore|iPhoneSimulator.Build.0 = Release|x86
		{7372CDB1-2F7B-4282-AC52-489732650CB5}.AppStore|iPhoneSimulator.Deploy.0 = Release|x86
		{7372CDB1-2F7B-4282-AC52-489732650CB5}.AppStore|x64.ActiveCfg = Release|x64
		{7372CDB1-2F7B-4282-AC52-489732650CB5}.AppStore|x64.Build.0 = Release|x64
		{7372CDB1-2F7B-4282-AC52-489732650CB5}.AppStore|x64.Deploy.0 = Release|x64
		{7372CDB1-2F7B-4282-AC52-489732650CB5}.AppStore|x86.ActiveCfg = Release|x86
		{7372CDB1-2F7B-4282-AC52-489732650CB5}.AppStore|x86.Build.0 = Release|x86
		{7372CDB1-2F7B-4282-AC52-489732650CB5}.AppStore|x86.Deploy.0 = Release|x86
		{7372CDB1-2F7B-4282-AC52-489732650CB5}.Debug|Any CPU.ActiveCfg = Debug|x86
		{7372CDB1-2F7B-4282-AC52-489732650CB5}.Debug|Any CPU.Build.0 = Debug|x86
		{7372CDB1-2F7B-4282-AC52-489732650CB5}.Debug|Any CPU.Deploy.0 = Debug|x86
		{7372CDB1-2F7B-4282-AC52-489732650CB5}.Debug|ARM.ActiveCfg = Debug|ARM
		{7372CDB1-2F7B-4282-AC52-489732650CB5}.Debug|ARM.Build.0 = Debug|ARM
		{7372CDB1-2F7B-4282-AC52-489732650CB5}.Debug|ARM.Deploy.0 = Debug|ARM
		{7372CDB1-2F7B-4282-AC52-489732650CB5}.Debug|iPhone.ActiveCfg = Debug|x86
		{7372CDB1-2F7B-4282-AC52-489732650CB5}.Debug|iPhone.Build.0 = Debug|x86
		{7372CDB1-2F7B-4282-AC52-489732650CB5}.Debug|iPhone.Deploy.0 = Debug|x86
		{7372CDB1-2F7B-4282-AC52-489732650CB5}.Debug|iPhoneSimulator.ActiveCfg = Debug|x86
		{7372CDB1-2F7B-4282-AC52-489732650CB5}.Debug|iPhoneSimulator.Build.0 = Debug|x86
		{7372CDB1-2F7B-4282-AC52-489732650CB5}.Debug|iPhoneSimulator.Deploy.0 = Debug|x86
		{7372CDB1-2F7B-4282-AC52-489732650CB5}.Debug|x64.ActiveCfg = Debug|x64
		{7372CDB1-2F7B-4282-AC52-489732650CB5}.Debug|x64.Build.0 = Debug|x64
		{7372CDB1-2F7B-4282-AC52-489732650CB5}.Debug|x64.Deploy.0 = Debug|x64
		{7372CDB1-2F7B-4282-AC52-489732650CB5}.Debug|x86.ActiveCfg = Debug|x86
		{7372CDB1-2F7B-4282-AC52-489732650CB5}.Debug|x86.Build.0 = Debug|x86
		{7372CDB1-2F7B-4282-AC52-489732650CB5}.Debug|x86.Deploy.0 = Debug|x86
		{7372CDB1-2F7B-4282-AC52-489732650CB5}.Release|Any CPU.ActiveCfg = Release|x86
		{7372CDB1-2F7B-4282-AC52-489732650CB5}.Release|Any CPU.Build.0 = Release|x86
		{7372CDB1-2F7B-4282-AC52-489732650CB5}.Release|Any CPU.Deploy.0 = Release|x86
		{7372CDB1-2F7B-4282-AC52-489732650CB5}.Release|ARM.ActiveCfg = Release|ARM
		{7372CDB1-2F7B-4282-AC52-489732650CB5}.Release|ARM.Build.0 = Release|ARM
		{7372CDB1-2F7B-4282-AC52-489732650CB5}.Release|ARM.Deploy.0 = Release|ARM
		{7372CDB1-2F7B-4282-AC52-489732650CB5}.Release|iPhone.ActiveCfg = Release|x86
		{7372CDB1-2F7B-4282-AC52-489732650CB5}.Release|iPhone.Build.0 = Release|x86
		{7372CDB1-2F7B-4282-AC52-489732650CB5}.Release|iPhone.Deploy.0 = Release|x86
		{7372CDB1-2F7B-4282-AC52-489732650CB5}.Release|iPhoneSimulator.ActiveCfg = Release|x86
		{7372CDB1-2F7B-4282-AC52-489732650CB5}.Release|iPhoneSimulator.Build.0 = Release|x86
		{7372CDB1-2F7B-4282-AC52-489732650CB5}.Release|iPhoneSimulator.Deploy.0 = Release|x86
		{7372CDB1-2F7B-4282-AC52-489732650CB5}.Release|x64.ActiveCfg = Release|x64
		{7372CDB1-2F7B-4282-AC52-489732650CB5}.Release|x64.Build.0 = Release|x64
		{7372CDB1-2F7B-4282-AC52-489732650CB5}.Release|x64.Deploy.0 = Release|x64
		{7372CDB1-2F7B-4282-AC52-489732650CB5}.Release|x86.ActiveCfg = Release|x86
		{7372CDB1-2F7B-4282-AC52-489732650CB5}.Release|x86.Build.0 = Release|x86
		{7372CDB1-2F7B-4282-AC52-489732650CB5}.Release|x86.Deploy.0 = Release|x86
		{460F691F-42F5-4E7E-8A39-3958350F688B}.Ad-Hoc|Any CPU.ActiveCfg = Debug|Any CPU
		{460F691F-42F5-4E7E-8A39-3958350F688B}.Ad-Hoc|Any CPU.Build.0 = Debug|Any CPU
		{460F691F-42F5-4E7E-8A39-3958350F688B}.Ad-Hoc|Any CPU.Deploy.0 = Debug|Any CPU
		{460F691F-42F5-4E7E-8A39-3958350F688B}.Ad-Hoc|ARM.ActiveCfg = Debug|Any CPU
		{460F691F-42F5-4E7E-8A39-3958350F688B}.Ad-Hoc|ARM.Build.0 = Debug|Any CPU
		{460F691F-42F5-4E7E-8A39-3958350F688B}.Ad-Hoc|ARM.Deploy.0 = Debug|Any CPU
		{460F691F-42F5-4E7E-8A39-3958350F688B}.Ad-Hoc|iPhone.ActiveCfg = Debug|Any CPU
		{460F691F-42F5-4E7E-8A39-3958350F688B}.Ad-Hoc|iPhone.Build.0 = Debug|Any CPU
		{460F691F-42F5-4E7E-8A39-3958350F688B}.Ad-Hoc|iPhone.Deploy.0 = Debug|Any CPU
		{460F691F-42F5-4E7E-8A39-3958350F688B}.Ad-Hoc|iPhoneSimulator.ActiveCfg = Debug|Any CPU
		{460F691F-42F5-4E7E-8A39-3958350F688B}.Ad-Hoc|iPhoneSimulator.Build.0 = Debug|Any CPU
		{460F691F-42F5-4E7E-8A39-3958350F688B}.Ad-Hoc|iPhoneSimulator.Deploy.0 = Debug|Any CPU
		{460F691F-42F5-4E7E-8A39-3958350F688B}.Ad-Hoc|x64.ActiveCfg = Debug|Any CPU
		{460F691F-42F5-4E7E-8A39-3958350F688B}.Ad-Hoc|x64.Build.0 = Debug|Any CPU
		{460F691F-42F5-4E7E-8A39-3958350F688B}.Ad-Hoc|x64.Deploy.0 = Debug|Any CPU
		{460F691F-42F5-4E7E-8A39-3958350F688B}.Ad-Hoc|x86.ActiveCfg = Debug|Any CPU
		{460F691F-42F5-4E7E-8A39-3958350F688B}.Ad-Hoc|x86.Build.0 = Debug|Any CPU
		{460F691F-42F5-4E7E-8A39-3958350F688B}.Ad-Hoc|x86.Deploy.0 = Debug|Any CPU
		{460F691F-42F5-4E7E-8A39-3958350F688B}.AppStore|Any CPU.ActiveCfg = Debug|Any CPU
		{460F691F-42F5-4E7E-8A39-3958350F688B}.AppStore|Any CPU.Build.0 = Debug|Any CPU
		{460F691F-42F5-4E7E-8A39-3958350F688B}.AppStore|Any CPU.Deploy.0 = Debug|Any CPU
		{460F691F-42F5-4E7E-8A39-3958350F688B}.AppStore|ARM.ActiveCfg = Debug|Any CPU
		{460F691F-42F5-4E7E-8A39-3958350F688B}.AppStore|ARM.Build.0 = Debug|Any CPU
		{460F691F-42F5-4E7E-8A39-3958350F688B}.AppStore|ARM.Deploy.0 = Debug|Any CPU
		{460F691F-42F5-4E7E-8A39-3958350F688B}.AppStore|iPhone.ActiveCfg = Debug|Any CPU
		{460F691F-42F5-4E7E-8A39-3958350F688B}.AppStore|iPhone.Build.0 = Debug|Any CPU
		{460F691F-42F5-4E7E-8A39-3958350F688B}.AppStore|iPhone.Deploy.0 = Debug|Any CPU
		{460F691F-42F5-4E7E-8A39-3958350F688B}.AppStore|iPhoneSimulator.ActiveCfg = Debug|Any CPU
		{460F691F-42F5-4E7E-8A39-3958350F688B}.AppStore|iPhoneSimulator.Build.0 = Debug|Any CPU
		{460F691F-42F5-4E7E-8A39-3958350F688B}.AppStore|iPhoneSimulator.Deploy.0 = Debug|Any CPU
		{460F691F-42F5-4E7E-8A39-3958350F688B}.AppStore|x64.ActiveCfg = Debug|Any CPU
		{460F691F-42F5-4E7E-8A39-3958350F688B}.AppStore|x64.Build.0 = Debug|Any CPU
		{460F691F-42F5-4E7E-8A39-3958350F688B}.AppStore|x64.Deploy.0 = Debug|Any CPU
		{460F691F-42F5-4E7E-8A39-3958350F688B}.AppStore|x86.ActiveCfg = Debug|Any CPU
		{460F691F-42F5-4E7E-8A39-3958350F688B}.AppStore|x86.Build.0 = Debug|Any CPU
		{460F691F-42F5-4E7E-8A39-3958350F688B}.AppStore|x86.Deploy.0 = Debug|Any CPU
		{460F691F-42F5-4E7E-8A39-3958350F688B}.Debug|Any CPU.ActiveCfg = Debug|Any CPU
		{460F691F-42F5-4E7E-8A39-3958350F688B}.Debug|Any CPU.Build.0 = Debug|Any CPU
		{460F691F-42F5-4E7E-8A39-3958350F688B}.Debug|Any CPU.Deploy.0 = Debug|Any CPU
		{460F691F-42F5-4E7E-8A39-3958350F688B}.Debug|ARM.ActiveCfg = Debug|Any CPU
		{460F691F-42F5-4E7E-8A39-3958350F688B}.Debug|ARM.Build.0 = Debug|Any CPU
		{460F691F-42F5-4E7E-8A39-3958350F688B}.Debug|ARM.Deploy.0 = Debug|Any CPU
		{460F691F-42F5-4E7E-8A39-3958350F688B}.Debug|iPhone.ActiveCfg = Debug|Any CPU
		{460F691F-42F5-4E7E-8A39-3958350F688B}.Debug|iPhone.Build.0 = Debug|Any CPU
		{460F691F-42F5-4E7E-8A39-3958350F688B}.Debug|iPhone.Deploy.0 = Debug|Any CPU
		{460F691F-42F5-4E7E-8A39-3958350F688B}.Debug|iPhoneSimulator.ActiveCfg = Debug|Any CPU
		{460F691F-42F5-4E7E-8A39-3958350F688B}.Debug|iPhoneSimulator.Build.0 = Debug|Any CPU
		{460F691F-42F5-4E7E-8A39-3958350F688B}.Debug|iPhoneSimulator.Deploy.0 = Debug|Any CPU
		{460F691F-42F5-4E7E-8A39-3958350F688B}.Debug|x64.ActiveCfg = Debug|Any CPU
		{460F691F-42F5-4E7E-8A39-3958350F688B}.Debug|x64.Build.0 = Debug|Any CPU
		{460F691F-42F5-4E7E-8A39-3958350F688B}.Debug|x64.Deploy.0 = Debug|Any CPU
		{460F691F-42F5-4E7E-8A39-3958350F688B}.Debug|x86.ActiveCfg = Debug|Any CPU
		{460F691F-42F5-4E7E-8A39-3958350F688B}.Debug|x86.Build.0 = Debug|Any CPU
		{460F691F-42F5-4E7E-8A39-3958350F688B}.Debug|x86.Deploy.0 = Debug|Any CPU
		{460F691F-42F5-4E7E-8A39-3958350F688B}.Release|Any CPU.ActiveCfg = Release|Any CPU
		{460F691F-42F5-4E7E-8A39-3958350F688B}.Release|Any CPU.Build.0 = Release|Any CPU
		{460F691F-42F5-4E7E-8A39-3958350F688B}.Release|Any CPU.Deploy.0 = Release|Any CPU
		{460F691F-42F5-4E7E-8A39-3958350F688B}.Release|ARM.ActiveCfg = Release|Any CPU
		{460F691F-42F5-4E7E-8A39-3958350F688B}.Release|ARM.Build.0 = Release|Any CPU
		{460F691F-42F5-4E7E-8A39-3958350F688B}.Release|ARM.Deploy.0 = Release|Any CPU
		{460F691F-42F5-4E7E-8A39-3958350F688B}.Release|iPhone.ActiveCfg = Release|Any CPU
		{460F691F-42F5-4E7E-8A39-3958350F688B}.Release|iPhone.Build.0 = Release|Any CPU
		{460F691F-42F5-4E7E-8A39-3958350F688B}.Release|iPhone.Deploy.0 = Release|Any CPU
		{460F691F-42F5-4E7E-8A39-3958350F688B}.Release|iPhoneSimulator.ActiveCfg = Release|Any CPU
		{460F691F-42F5-4E7E-8A39-3958350F688B}.Release|iPhoneSimulator.Build.0 = Release|Any CPU
		{460F691F-42F5-4E7E-8A39-3958350F688B}.Release|iPhoneSimulator.Deploy.0 = Release|Any CPU
		{460F691F-42F5-4E7E-8A39-3958350F688B}.Release|x64.ActiveCfg = Release|Any CPU
		{460F691F-42F5-4E7E-8A39-3958350F688B}.Release|x64.Build.0 = Release|Any CPU
		{460F691F-42F5-4E7E-8A39-3958350F688B}.Release|x64.Deploy.0 = Release|Any CPU
		{460F691F-42F5-4E7E-8A39-3958350F688B}.Release|x86.ActiveCfg = Release|Any CPU
		{460F691F-42F5-4E7E-8A39-3958350F688B}.Release|x86.Build.0 = Release|Any CPU
		{460F691F-42F5-4E7E-8A39-3958350F688B}.Release|x86.Deploy.0 = Release|Any CPU
	EndGlobalSection
	GlobalSection(SolutionProperties) = preSolution
		HideSolutionNode = FALSE
	EndGlobalSection
	GlobalSection(ExtensibilityGlobals) = postSolution
		SolutionGuid = {F82B37AE-BD66-4C67-BDDA-15088A9F70A8}
	EndGlobalSection
EndGlobal
